
Microsoft Visual Studio Solution File, Format Version 12.00
# Visual Studio Version 16
VisualStudioVersion = 16.0.29521.150
MinimumVisualStudioVersion = 10.0.40219.1
Project("{FAE04EC0-301F-11D3-BF4B-00C04F79EFBC}") = "TokenCredentialSample", "TokenCredentialSample\TokenCredentialSample.csproj", "{02E00848-47E1-4557-8990-E3373668501C}"
	ProjectSection(ProjectDependencies) = postProject
		{89871730-AA7E-413F-A66C-5C8183BB8328} = {89871730-AA7E-413F-A66C-5C8183BB8328}
	EndProjectSection
EndProject
Project("{9A19103F-16F7-4668-BE54-9A1E7A4F7556}") = "Microsoft.Graph.Core", "msgraph-sdk-dotnet-core\src\Microsoft.Graph.Core\Microsoft.Graph.Core.csproj", "{89871730-AA7E-413F-A66C-5C8183BB8328}"
EndProject
Global
	GlobalSection(SolutionConfigurationPlatforms) = preSolution
		Debug|Any CPU = Debug|Any CPU
		Release|Any CPU = Release|Any CPU
	EndGlobalSection
	GlobalSection(ProjectConfigurationPlatforms) = postSolution
		{02E00848-47E1-4557-8990-E3373668501C}.Debug|Any CPU.ActiveCfg = Debug|Any CPU
		{02E00848-47E1-4557-8990-E3373668501C}.Debug|Any CPU.Build.0 = Debug|Any CPU
		{02E00848-47E1-4557-8990-E3373668501C}.Release|Any CPU.ActiveCfg = Release|Any CPU
		{02E00848-47E1-4557-8990-E3373668501C}.Release|Any CPU.Build.0 = Release|Any CPU
		{89871730-AA7E-413F-A66C-5C8183BB8328}.Debug|Any CPU.ActiveCfg = Debug|Any CPU
		{89871730-AA7E-413F-A66C-5C8183BB8328}.Debug|Any CPU.Build.0 = Debug|Any CPU
		{89871730-AA7E-413F-A66C-5C8183BB8328}.Release|Any CPU.ActiveCfg = Release|Any CPU
		{89871730-AA7E-413F-A66C-5C8183BB8328}.Release|Any CPU.Build.0 = Release|Any CPU
	EndGlobalSection
	GlobalSection(SolutionProperties) = preSolution
		HideSolutionNode = FALSE
	EndGlobalSection
	GlobalSection(ExtensibilityGlobals) = postSolution
		SolutionGuid = {72D715E2-AFF9-4752-A8E4-3EA3E30BCEC2}
	EndGlobalSection
EndGlobal
